<?xml version="1.0" encoding="utf-8"?>
<Project ToolsVersion="17.0" xmlns="http://schemas.microsoft.com/developer/msbuild/2003">
  <ItemGroup>
    <ClCompile Include="Source.c">
      <Filter>Source Files</Filter>
    </ClCompile>
    <ClCompile Include="shader_helper.c">
      <Filter>Source Files</Filter>
    </ClCompile>
    <ClCompile Include="camera.c">
      <Filter>Source Files</Filter>
    </ClCompile>
    <ClCompile Include="..\..\..\..\glfw-3.3.8\deps\glad_gl.c">
      <Filter>Source Files</Filter>
    </ClCompile>
  </ItemGroup>
  <ItemGroup>
    <ClInclude Include="C:\Users\danny\OneDrive\Documents\glfw-3.3.8\deps\glad\gl.h">
      <Filter>Header Files</Filter>
    </ClInclude>
    <ClInclude Include="shader_helper.h">
      <Filter>Header Files</Filter>
    </ClInclude>
    <ClInclude Include="camera.h">
      <Filter>Header Files</Filter>
    </ClInclude>
    <ClInclude Include="game_state.h">
      <Filter>Source Files</Filter>
    </ClInclude>
  </ItemGroup>
  <ItemGroup>
    <ResourceCompile Include="C:\Users\danny\OneDrive\Documents\glfw-3.3.8\examples\glfw.rc">
      <Filter>Source Files</Filter>
    </ResourceCompile>
  </ItemGroup>
  <ItemGroup>
    <Filter Include="Header Files">
      <UniqueIdentifier>{84A3294A-B6F2-327A-970F-2DCFDA5099A8}</UniqueIdentifier>
    </Filter>
    <Filter Include="Source Files">
      <UniqueIdentifier>{11993645-092B-316A-B47C-1A21E21F5CDA}</UniqueIdentifier>
    </Filter>
    <Filter Include="res">
      <UniqueIdentifier>{7b64c684-2ce5-4a5b-9dc7-d7eeae4a25ba}</UniqueIdentifier>
    </Filter>
    <Filter Include="shaders">
      <UniqueIdentifier>{40c7f88a-b019-4298-9b0f-4b45abaffa79}</UniqueIdentifier>
    </Filter>
  </ItemGroup>
  <ItemGroup>
    <Library Include="cglm.lib" />
  </ItemGroup>
  <ItemGroup>
    <None Include="glew32.dll" />
    <None Include="glfw3.pdb" />
    <None Include="cglm.dll" />
    <None Include="shaders\terrain_shader.frag">
      <Filter>shaders</Filter>
    </None>
    <None Include="shaders\terrain_shader.vert">
      <Filter>shaders</Filter>
    </None>
    <None Include="shaders\skybox_shader.frag">
      <Filter>shaders</Filter>
    </None>
    <None Include="shaders\skybox_shader.vert">
      <Filter>shaders</Filter>
    </None>
    <None Include="shaders\water_shader.frag">
      <Filter>shaders</Filter>
    </None>
    <None Include="shaders\water_shader.vert">
      <Filter>shaders</Filter>
    </None>
  </ItemGroup>
  <ItemGroup>
    <Image Include="res\left.jpg">
      <Filter>res</Filter>
    </Image>
    <Image Include="res\right.jpg">
      <Filter>res</Filter>
    </Image>
    <Image Include="res\top.jpg">
      <Filter>res</Filter>
    </Image>
    <Image Include="res\back.jpg">
      <Filter>res</Filter>
    </Image>
    <Image Include="res\bottom.jpg">
      <Filter>res</Filter>
    </Image>
    <Image Include="res\front.jpg">
      <Filter>res</Filter>
    </Image>
    <Image Include="res\image.jpg">
      <Filter>res</Filter>
    </Image>
  </ItemGroup>
</Project>